// !$*UTF8*$!
{
	archiveVersion = 1;
	classes = {
	};
	objectVersion = 46;
	objects = {

/* Begin PBXBuildFile section */
		CEAD00771C9F7A050030E71A /* AppDelegate.swift in Sources */ = {isa = PBXBuildFile; fileRef = CEAD00761C9F7A050030E71A /* AppDelegate.swift */; };
		CEAD00791C9F7A050030E71A /* ViewController.swift in Sources */ = {isa = PBXBuildFile; fileRef = CEAD00781C9F7A050030E71A /* ViewController.swift */; };
		CEAD007C1C9F7A050030E71A /* Main.storyboard in Resources */ = {isa = PBXBuildFile; fileRef = CEAD007A1C9F7A050030E71A /* Main.storyboard */; };
		CEAD007E1C9F7A050030E71A /* Assets.xcassets in Resources */ = {isa = PBXBuildFile; fileRef = CEAD007D1C9F7A050030E71A /* Assets.xcassets */; };
		CEAD00811C9F7A050030E71A /* LaunchScreen.storyboard in Resources */ = {isa = PBXBuildFile; fileRef = CEAD007F1C9F7A050030E71A /* LaunchScreen.storyboard */; };
		CEAD008D1C9F7B190030E71A /* noun_89888_cc.png in Resources */ = {isa = PBXBuildFile; fileRef = CEAD008C1C9F7B190030E71A /* noun_89888_cc.png */; };
		CEAD008F1C9F7B630030E71A /* CheViewController.swift in Sources */ = {isa = PBXBuildFile; fileRef = CEAD008E1C9F7B630030E71A /* CheViewController.swift */; };
/* End PBXBuildFile section */

/* Begin PBXFileReference section */
		CEAD00731C9F7A050030E71A /* testing_Animations.app */ = {isa = PBXFileReference; explicitFileType = wrapper.application; includeInIndex = 0; path = testing_Animations.app; sourceTree = BUILT_PRODUCTS_DIR; };
		CEAD00761C9F7A050030E71A /* AppDelegate.swift */ = {isa = PBXFileReference; lastKnownFileType = sourcecode.swift; path = AppDelegate.swift; sourceTree = "<group>"; };
		CEAD00781C9F7A050030E71A /* ViewController.swift */ = {isa = PBXFileReference; lastKnownFileType = sourcecode.swift; path = ViewController.swift; sourceTree = "<group>"; };
		CEAD007B1C9F7A050030E71A /* Base */ = {isa = PBXFileReference; lastKnownFileType = file.storyboard; name = Base; path = Base.lproj/Main.storyboard; sourceTree = "<group>"; };
		CEAD007D1C9F7A050030E71A /* Assets.xcassets */ = {isa = PBXFileReference; lastKnownFileType = folder.assetcatalog; path = Assets.xcassets; sourceTree = "<group>"; };
		CEAD00801C9F7A050030E71A /* Base */ = {isa = PBXFileReference; lastKnownFileType = file.storyboard; name = Base; path = Base.lproj/LaunchScreen.storyboard; sourceTree = "<group>"; };
		CEAD00821C9F7A050030E71A /* Info.plist */ = {isa = PBXFileReference; lastKnownFileType = text.plist.xml; path = Info.plist; sourceTree = "<group>"; };
		CEAD008C1C9F7B190030E71A /* noun_89888_cc.png */ = {isa = PBXFileReference; lastKnownFileType = image.png; name = noun_89888_cc.png; path = ../../../../.Trash/noun_89888_cc.png; sourceTree = "<group>"; };
		CEAD008E1C9F7B630030E71A /* CheViewController.swift */ = {isa = PBXFileReference; fileEncoding = 4; lastKnownFileType = sourcecode.swift; path = CheViewController.swift; sourceTree = "<group>"; };
/* End PBXFileReference section */

/* Begin PBXFrameworksBuildPhase section */
		CEAD00701C9F7A050030E71A /* Frameworks */ = {
			isa = PBXFrameworksBuildPhase;
			buildActionMask = 2147483647;
			files = (
			);
			runOnlyForDeploymentPostprocessing = 0;
		};
/* End PBXFrameworksBuildPhase section */

/* Begin PBXGroup section */
		CEAD006A1C9F7A050030E71A = {
			isa = PBXGroup;
			children = (
				CEAD00751C9F7A050030E71A /* testing_Animations */,
				CEAD00741C9F7A050030E71A /* Products */,
			);
			sourceTree = "<group>";
		};
		CEAD00741C9F7A050030E71A /* Products */ = {
			isa = PBXGroup;
			children = (
				CEAD00731C9F7A050030E71A /* testing_Animations.app */,
			);
			name = Products;
			sourceTree = "<group>";
		};
		CEAD00751C9F7A050030E71A /* testing_Animations */ = {
			isa = PBXGroup;
			children = (
				CEAD00761C9F7A050030E71A /* AppDelegate.swift */,
				CEAD00781C9F7A050030E71A /* ViewController.swift */,
				CEAD007A1C9F7A050030E71A /* Main.storyboard */,
				CEAD008E1C9F7B630030E71A /* CheViewController.swift */,
				CEAD007D1C9F7A050030E71A /* Assets.xcassets */,
				CEAD008C1C9F7B190030E71A /* noun_89888_cc.png */,
				CEAD007F1C9F7A050030E71A /* LaunchScreen.storyboard */,
				CEAD00821C9F7A050030E71A /* Info.plist */,
			);
			path = testing_Animations;
			sourceTree = "<group>";
		};
/* End PBXGroup section */

/* Begin PBXNativeTarget section */
		CEAD00721C9F7A050030E71A /* testing_Animations */ = {
			isa = PBXNativeTarget;
			buildConfigurationList = CEAD00851C9F7A050030E71A /* Build configuration list for PBXNativeTarget "testing_Animations" */;
			buildPhases = (
				CEAD006F1C9F7A050030E71A /* Sources */,
				CEAD00701C9F7A050030E71A /* Frameworks */,
				CEAD00711C9F7A050030E71A /* Resources */,
			);
			buildRules = (
			);
			dependencies = (
			);
			name = testing_Animations;
			productName = testing_Animations;
			productReference = CEAD00731C9F7A050030E71A /* testing_Animations.app */;
			productType = "com.apple.product-type.application";
		};
/* End PBXNativeTarget section */

/* Begin PBXProject section */
		CEAD006B1C9F7A050030E71A /* Project object */ = {
			isa = PBXProject;
			attributes = {
				LastSwiftUpdateCheck = 0720;
				LastUpgradeCheck = 0720;
				ORGANIZATIONNAME = Jean;
				TargetAttributes = {
					CEAD00721C9F7A050030E71A = {
						CreatedOnToolsVersion = 7.2.1;
						DevelopmentTeam = QLTD7VWVWY;
					};
				};
			};
			buildConfigurationList = CEAD006E1C9F7A050030E71A /* Build configuration list for PBXProject "testing_Animations" */;
			compatibilityVersion = "Xcode 3.2";
			developmentRegion = English;
			hasScannedForEncodings = 0;
			knownRegions = (
				en,
				Base,
			);
			mainGroup = CEAD006A1C9F7A050030E71A;
			productRefGroup = CEAD00741C9F7A050030E71A /* Products */;
			projectDirPath = "";
			projectRoot = "";
			targets = (
				CEAD00721C9F7A050030E71A /* testing_Animations */,
			);
		};
/* End PBXProject section */

/* Begin PBXResourcesBuildPhase section */
		CEAD00711C9F7A050030E71A /* Resources */ = {
			isa = PBXResourcesBuildPhase;
			buildActionMask = 2147483647;
			files = (
				CEAD00811C9F7A050030E71A /* LaunchScreen.storyboard in Resources */,
				CEAD008D1C9F7B190030E71A /* noun_89888_cc.png in Resources */,
				CEAD007E1C9F7A050030E71A /* Assets.xcassets in Resources */,
				CEAD007C1C9F7A050030E71A /* Main.storyboard in Resources */,
			);
			runOnlyForDeploymentPostprocessing = 0;
		};
/* End PBXResourcesBuildPhase section */

/* Begin PBXSourcesBuildPhase section */
		CEAD006F1C9F7A050030E71A /* Sources */ = {
			isa = PBXSourcesBuildPhase;
			buildActionMask = 2147483647;
			files = (
				CEAD00791C9F7A050030E71A /* ViewController.swift in Sources */,
				CEAD00771C9F7A050030E71A /* AppDelegate.swift in Sources */,
				CEAD008F1C9F7B630030E71A /* CheViewController.swift in Sources */,
			);
			runOnlyForDeploymentPostprocessing = 0;
		};
/* End PBXSourcesBuildPhase section */

/* Begin PBXVariantGroup section */
		CEAD007A1C9F7A050030E71A /* Main.storyboard */ = {
			isa = PBXVariantGroup;
			children = (
				CEAD007B1C9F7A050030E71A /* Base */,
			);
			name = Main.storyboard;
			sourceTree = "<group>";
		};
		CEAD007F1C9F7A050030E71A /* LaunchScreen.storyboard */ = {
			isa = PBXVariantGroup;
			children = (
				CEAD00801C9F7A050030E71A /* Base */,
			);
			name = LaunchScreen.storyboard;
			sourceTree = "<group>";
		};
/* End PBXVariantGroup section */

/* Begin XCBuildConfiguration section */
		CEAD00831C9F7A050030E71A /* Debug */ = {
			isa = XCBuildConfiguration;
			buildSettings = {
				ALWAYS_SEARCH_USER_PATHS = NO;
				CLANG_CXX_LANGUAGE_STANDARD = "gnu++0x";
				CLANG_CXX_LIBRARY = "libc++";
				CLANG_ENABLE_MODULES = YES;
				CLANG_ENABLE_OBJC_ARC = YES;
				CLANG_WARN_BOOL_CONVERSION = YES;
				CLANG_WARN_CONSTANT_CONVERSION = YES;
				CLANG_WARN_DIRECT_OBJC_ISA_USAGE = YES_ERROR;
				CLANG_WARN_EMPTY_BODY = YES;
				CLANG_WARN_ENUM_CONVERSION = YES;
				CLANG_WARN_INT_CONVERSION = YES;
				CLANG_WARN_OBJC_ROOT_CLASS = YES_ERROR;
				CLANG_WARN_UNREACHABLE_CODE = YES;
				CLANG_WARN__DUPLICATE_METHOD_MATCH = YES;
				"CODE_SIGN_IDENTITY[sdk=iphoneos*]" = "iPhone Developer";
				COPY_PHASE_STRIP = NO;
				DEBUG_INFORMATION_FORMAT = dwarf;
				ENABLE_STRICT_OBJC_MSGSEND = YES;
				ENABLE_TESTABILITY = YES;
				GCC_C_LANGUAGE_STANDARD = gnu99;
				GCC_DYNAMIC_NO_PIC = NO;
				GCC_NO_COMMON_BLOCKS = YES;
				GCC_OPTIMIZATION_LEVEL = 0;
				GCC_PREPROCESSOR_DEFINITIONS = (
					"DEBUG=1",
					"$(inherited)",
				);
				GCC_WARN_64_TO_32_BIT_CONVERSION = YES;
				GCC_WARN_ABOUT_RETURN_TYPE = YES_ERROR;
				GCC_WARN_UNDECLARED_SELECTOR = YES;
				GCC_WARN_UNINITIALIZED_AUTOS = YES_AGGRESSIVE;
				GCC_WARN_UNUSED_FUNCTION = YES;
				GCC_WARN_UNUSED_VARIABLE = YES;
				IPHONEOS_DEPLOYMENT_TARGET = 9.2;
				MTL_ENABLE_DEBUG_INFO = YES;
				ONLY_ACTIVE_ARCH = YES;
				SDKROOT = iphoneos;
				SWIFT_OPTIMIZATION_LEVEL = "-Onone";
			};
			name = Debug;
		};
		CEAD00841C9F7A050030E71A /* Release */ = {
			isa = XCBuildConfiguration;
			buildSettings = {
				ALWAYS_SEARCH_USER_PATHS = NO;
				CLANG_CXX_LANGUAGE_STANDARD = "gnu++0x";
				CLANG_CXX_LIBRARY = "libc++";
				CLANG_ENABLE_MODULES = YES;
				CLANG_ENABLE_OBJC_ARC = YES;
				CLANG_WARN_BOOL_CONVERSION = YES;
				CLANG_WARN_CONSTANT_CONVERSION = YES;
				CLANG_WARN_DIRECT_OBJC_ISA_USAGE = YES_ERROR;
				CLANG_WARN_EMPTY_BODY = YES;
				CLANG_WARN_ENUM_CONVERSION = YES;
				CLANG_WARN_INT_CONVERSION = YES;
				CLANG_WARN_OBJC_ROOT_CLASS = YES_ERROR;
				CLANG_WARN_UNREACHABLE_CODE = YES;
				CLANG_WARN__DUPLICATE_METHOD_MATCH = YES;
				"CODE_SIGN_IDENTITY[sdk=iphoneos*]" = "iPhone Developer";
				COPY_PHASE_STRIP = NO;
				DEBUG_INFORMATION_FORMAT = "dwarf-with-dsym";
				ENABLE_NS_ASSERTIONS = NO;
				ENABLE_STRICT_OBJC_MSGSEND = YES;
				GCC_C_LANGUAGE_STANDARD = gnu99;
				GCC_NO_COMMON_BLOCKS = YES;
				GCC_WARN_64_TO_32_BIT_CONVERSION = YES;
				GCC_WARN_ABOUT_RETURN_TYPE = YES_ERROR;
				GCC_WARN_UNDECLARED_SELECTOR = YES;
				GCC_WARN_UNINITIALIZED_AUTOS = YES_AGGRESSIVE;
				GCC_WARN_UNUSED_FUNCTION = YES;
				GCC_WARN_UNUSED_VARIABLE = YES;
				IPHONEOS_DEPLOYMENT_TARGET = 9.2;
				MTL_ENABLE_DEBUG_INFO = NO;
				SDKROOT = iphoneos;
				VALIDATE_PRODUCT = YES;
			};
			name = Release;
		};
		CEAD00861C9F7A050030E71A /* Debug */ = {
			isa = XCBuildConfiguration;
			buildSettings = {
				ASSETCATALOG_COMPILER_APPICON_NAME = AppIcon;
				INFOPLIST_FILE = testing_Animations/Info.plist;
				LD_RUNPATH_SEARCH_PATHS = "$(inherited) @executable_path/Frameworks";
				PRODUCT_BUNDLE_IDENTIFIER = "Menezes.testing-Animations";
				PRODUCT_NAME = "$(TARGET_NAME)";
			};
			name = Debug;
		};
		CEAD00871C9F7A050030E71A /* Release */ = {
			isa = XCBuildConfiguration;
			buildSettings = {
				ASSETCATALOG_COMPILER_APPICON_NAME = AppIcon;
				INFOPLIST_FILE = testing_Animations/Info.plist;
				LD_RUNPATH_SEARCH_PATHS = "$(inherited) @executable_path/Frameworks";
				PRODUCT_BUNDLE_IDENTIFIER = "Menezes.testing-Animations";
				PRODUCT_NAME = "$(TARGET_NAME)";
			};
			name = Release;
		};
/* End XCBuildConfiguration section */

/* Begin XCConfigurationList section */
		CEAD006E1C9F7A050030E71A /* Build configuration list for PBXProject "testing_Animations" */ = {
			isa = XCConfigurationList;
			buildConfigurations = (
				CEAD00831C9F7A050030E71A /* Debug */,
				CEAD00841C9F7A050030E71A /* Release */,
			);
			defaultConfigurationIsVisible = 0;
			defaultConfigurationName = Release;
		};
		CEAD00851C9F7A050030E71A /* Build configuration list for PBXNativeTarget "testing_Animations" */ = {
			isa = XCConfigurationList;
			buildConfigurations = (
				CEAD00861C9F7A050030E71A /* Debug */,
				CEAD00871C9F7A050030E71A /* Release */,
			);
			defaultConfigurationIsVisible = 0;
		};
/* End XCConfigurationList section */
	};
	rootObject = CEAD006B1C9F7A050030E71A /* Project object */;
}
